
Microsoft Visual Studio Solution File, Format Version 12.00
# Visual Studio Version 16
VisualStudioVersion = 16.0.32106.194
MinimumVisualStudioVersion = 10.0.40219.1
Project("{FAE04EC0-301F-11D3-BF4B-00C04F79EFBC}") = "Ex.1.Magazin(Mostenire)(Laborator8)", "Ex.1.Magazin(Mostenire)(Laborator8).csproj", "{371758E9-B2FB-43AB-8649-4DC3F8835A42}"
EndProject
Global
	GlobalSection(SolutionConfigurationPlatforms) = preSolution
		Debug|Any CPU = Debug|Any CPU
		Release|Any CPU = Release|Any CPU
	EndGlobalSection
	GlobalSection(ProjectConfigurationPlatforms) = postSolution
		{371758E9-B2FB-43AB-8649-4DC3F8835A42}.Debug|Any CPU.ActiveCfg = Debug|Any CPU
		{371758E9-B2FB-43AB-8649-4DC3F8835A42}.Debug|Any CPU.Build.0 = Debug|Any CPU
		{371758E9-B2FB-43AB-8649-4DC3F8835A42}.Release|Any CPU.ActiveCfg = Release|Any CPU
		{371758E9-B2FB-43AB-8649-4DC3F8835A42}.Release|Any CPU.Build.0 = Release|Any CPU
	EndGlobalSection
	GlobalSection(SolutionProperties) = preSolution
		HideSolutionNode = FALSE
	EndGlobalSection
	GlobalSection(ExtensibilityGlobals) = postSolution
		SolutionGuid = {45A23D5A-2F40-4910-A043-9F93B36D89AA}
	EndGlobalSection
EndGlobal
